Microsoft Visual Studio Solution File, Format Version 12.00
# Visual Studio Version 17
VisualStudioVersion = 17.5.2.0
MinimumVisualStudioVersion = 10.0.40219.1
Project("{FAE04EC0-301F-11D3-BF4B-00C04F79EFBC}") = "SalesApiStub", "SalesApiStub.csproj", "{916ABAF0-CAA6-800D-181D-741F35BCCBC0}"
EndProject
Global
	GlobalSection(SolutionConfigurationPlatforms) = preSolution
		Debug|Any CPU = Debug|Any CPU
		Release|Any CPU = Release|Any CPU
	EndGlobalSection
	GlobalSection(ProjectConfigurationPlatforms) = postSolution
		{916ABAF0-CAA6-800D-181D-741F35BCCBC0}.Debug|Any CPU.ActiveCfg = Debug|Any CPU
		{916ABAF0-CAA6-800D-181D-741F35BCCBC0}.Debug|Any CPU.Build.0 = Debug|Any CPU
		{916ABAF0-CAA6-800D-181D-741F35BCCBC0}.Release|Any CPU.ActiveCfg = Release|Any CPU
		{916ABAF0-CAA6-800D-181D-741F35BCCBC0}.Release|Any CPU.Build.0 = Release|Any CPU
	EndGlobalSection
	GlobalSection(SolutionProperties) = preSolution
		HideSolutionNode = FALSE
	EndGlobalSection
	GlobalSection(ExtensibilityGlobals) = postSolution
		SolutionGuid = {B305911E-A6AA-4CCD-8912-20AADF1FA422}
	EndGlobalSection
EndGlobal
